dependencies:
  idf:
    source:
      type: idf
    version: 6.1.0
  joltwallet/littlefs:
    component_hash: 1808d73e99168f6f3c26dd31799a248484762b3a320ec4962dec11a145f4277f
    dependencies:
    - name: idf
      require: private
      version: '>=5.0'
    source:
      registry_url: https://components.espressif.com/
      type: service
    version: 1.20.3
  lvgl/lvgl:
    component_hash: d7c1ac037ae6e85d94897f807d6e7ba0946a83e720074fc95a4f6241da9f9f53
    dependencies: []
    source:
      registry_url: https://components.espressif.com/
      type: service
    version: 8.4.0
direct_dependencies:
- idf
- joltwallet/littlefs
- lvgl/lvgl
manifest_hash: b9af6241e8857b9f6165690d02102b2bfc31e608ad94ccc1b66efffdbdb8cac8
target: esp32c3
version: 2.0.0
